// !$*UTF8*$!
{
	archiveVersion = 1;
	classes = {
	};
	objectVersion = 55;
	objects = {

/* Begin PBXBuildFile section */
		2E11717B27F8C4A300B7ED02 /* Spy.swift in Sources */ = {isa = PBXBuildFile; fileRef = 2E11717A27F8C4A300B7ED02 /* Spy.swift */; };
		2E11717E27F9201A00B7ED02 /* UserListViewModel.swift in Sources */ = {isa = PBXBuildFile; fileRef = 2E11717D27F9201A00B7ED02 /* UserListViewModel.swift */; };
		2E22430827FCC5D7004804CA /* ServiceImageFetchable.swift in Sources */ = {isa = PBXBuildFile; fileRef = 2E22430727FCC5D7004804CA /* ServiceImageFetchable.swift */; };
		2E22430A27FCC5FE004804CA /* ServiceImageFetcher.swift in Sources */ = {isa = PBXBuildFile; fileRef = 2E22430927FCC5FE004804CA /* ServiceImageFetcher.swift */; };
		2E22430C27FCC618004804CA /* String+MD5.swift in Sources */ = {isa = PBXBuildFile; fileRef = 2E22430B27FCC618004804CA /* String+MD5.swift */; };
		2E22430F27FCC817004804CA /* ServiceImageFetcherTests.swift in Sources */ = {isa = PBXBuildFile; fileRef = 2E22430E27FCC817004804CA /* ServiceImageFetcherTests.swift */; };
		2E22431427FCCB66004804CA /* RandomAPIMock.swift in Sources */ = {isa = PBXBuildFile; fileRef = 2E22431127FCC930004804CA /* RandomAPIMock.swift */; };
		2E22431527FCCB73004804CA /* Spy.swift in Sources */ = {isa = PBXBuildFile; fileRef = 2E11717A27F8C4A300B7ED02 /* Spy.swift */; };
		2E22431727FCCE7D004804CA /* pixels.jpeg in Resources */ = {isa = PBXBuildFile; fileRef = 2E22431627FCCE7D004804CA /* pixels.jpeg */; };
		2E22431A27FCD0AA004804CA /* DefaultStoreMock.swift in Sources */ = {isa = PBXBuildFile; fileRef = 2E22431927FCD0AA004804CA /* DefaultStoreMock.swift */; };
		2E22431C27FCD2E7004804CA /* Storable.swift in Sources */ = {isa = PBXBuildFile; fileRef = 2E22431B27FCD2E7004804CA /* Storable.swift */; };
		2E22432027FCEA4D004804CA /* ServiceUserFetcherTests.swift in Sources */ = {isa = PBXBuildFile; fileRef = 2E22431F27FCEA4D004804CA /* ServiceUserFetcherTests.swift */; };
		2E22432227FCEAAE004804CA /* ImageServiceFetcherMock.swift in Sources */ = {isa = PBXBuildFile; fileRef = 2E22432127FCEAAE004804CA /* ImageServiceFetcherMock.swift */; };
		2E22432327FCF045004804CA /* RandomUsers.json in Resources */ = {isa = PBXBuildFile; fileRef = 2E25E39F27F88759002B3AD0 /* RandomUsers.json */; };
		2E22432427FCF04F004804CA /* JSONReader.swift in Sources */ = {isa = PBXBuildFile; fileRef = 2E25E3A127F88992002B3AD0 /* JSONReader.swift */; };
		2E22432827FD00FF004804CA /* ServiceUserFetcher.swift in Sources */ = {isa = PBXBuildFile; fileRef = 2E22432727FD00FF004804CA /* ServiceUserFetcher.swift */; };
		2E25E33527F7BB48002B3AD0 /* RandomAppApp.swift in Sources */ = {isa = PBXBuildFile; fileRef = 2E25E33427F7BB48002B3AD0 /* RandomAppApp.swift */; };
		2E25E33727F7BB48002B3AD0 /* UserListView.swift in Sources */ = {isa = PBXBuildFile; fileRef = 2E25E33627F7BB48002B3AD0 /* UserListView.swift */; };
		2E25E33927F7BB48002B3AD0 /* Assets.xcassets in Resources */ = {isa = PBXBuildFile; fileRef = 2E25E33827F7BB48002B3AD0 /* Assets.xcassets */; };
		2E25E33C27F7BB48002B3AD0 /* Preview Assets.xcassets in Resources */ = {isa = PBXBuildFile; fileRef = 2E25E33B27F7BB48002B3AD0 /* Preview Assets.xcassets */; };
		2E25E34627F7BB48002B3AD0 /* RandomAppTests.swift in Sources */ = {isa = PBXBuildFile; fileRef = 2E25E34527F7BB48002B3AD0 /* RandomAppTests.swift */; };
		2E25E35027F7BB48002B3AD0 /* RandomAppUITests.swift in Sources */ = {isa = PBXBuildFile; fileRef = 2E25E34F27F7BB48002B3AD0 /* RandomAppUITests.swift */; };
		2E25E35227F7BB48002B3AD0 /* RandomAppUITestsLaunchTests.swift in Sources */ = {isa = PBXBuildFile; fileRef = 2E25E35127F7BB48002B3AD0 /* RandomAppUITestsLaunchTests.swift */; };
		2E25E36727F842CA002B3AD0 /* RandomAPI.docc in Sources */ = {isa = PBXBuildFile; fileRef = 2E25E36627F842CA002B3AD0 /* RandomAPI.docc */; };
		2E25E36D27F842CA002B3AD0 /* RandomAPI.framework in Frameworks */ = {isa = PBXBuildFile; fileRef = 2E25E36327F842CA002B3AD0 /* RandomAPI.framework */; };
		2E25E37827F842CA002B3AD0 /* RandomAPI.framework in Frameworks */ = {isa = PBXBuildFile; fileRef = 2E25E36327F842CA002B3AD0 /* RandomAPI.framework */; };
		2E25E37927F842CA002B3AD0 /* RandomAPI.framework in Embed Frameworks */ = {isa = PBXBuildFile; fileRef = 2E25E36327F842CA002B3AD0 /* RandomAPI.framework */; settings = {ATTRIBUTES = (CodeSignOnCopy, RemoveHeadersOnCopy, ); }; };
		2E25E38427F844B3002B3AD0 /* SessionHandler.swift in Sources */ = {isa = PBXBuildFile; fileRef = 2E25E38327F844B3002B3AD0 /* SessionHandler.swift */; };
		2E25E38627F84720002B3AD0 /* RandomUsersRequest.swift in Sources */ = {isa = PBXBuildFile; fileRef = 2E25E38527F84720002B3AD0 /* RandomUsersRequest.swift */; };
		2E25E38827F847A6002B3AD0 /* RandomAPI.swift in Sources */ = {isa = PBXBuildFile; fileRef = 2E25E38727F847A6002B3AD0 /* RandomAPI.swift */; };
		2E25E38A27F849EF002B3AD0 /* EnvironmentProtocol.swift in Sources */ = {isa = PBXBuildFile; fileRef = 2E25E38927F849EF002B3AD0 /* EnvironmentProtocol.swift */; };
		2E25E38C27F85039002B3AD0 /* RequestProtocol.swift in Sources */ = {isa = PBXBuildFile; fileRef = 2E25E38B27F85039002B3AD0 /* RequestProtocol.swift */; };
		2E25E38F27F859EB002B3AD0 /* BaseAPIOperation.swift in Sources */ = {isa = PBXBuildFile; fileRef = 2E25E38E27F859EB002B3AD0 /* BaseAPIOperation.swift */; };
		2E25E39127F85A12002B3AD0 /* APIRequestError.swift in Sources */ = {isa = PBXBuildFile; fileRef = 2E25E39027F85A12002B3AD0 /* APIRequestError.swift */; };
		2E25E39527F85EDB002B3AD0 /* SessionHandlerMock.swift in Sources */ = {isa = PBXBuildFile; fileRef = 2E25E39427F85EDB002B3AD0 /* SessionHandlerMock.swift */; };
		2E25E39727F863ED002B3AD0 /* BaseAPIOperationTests.swift in Sources */ = {isa = PBXBuildFile; fileRef = 2E25E39627F863ED002B3AD0 /* BaseAPIOperationTests.swift */; };
		2E25E39A27F869AA002B3AD0 /* RandomAPITests.swift in Sources */ = {isa = PBXBuildFile; fileRef = 2E25E39927F869AA002B3AD0 /* RandomAPITests.swift */; };
		2E25E39D27F87EF1002B3AD0 /* RandomUsersResponse.swift in Sources */ = {isa = PBXBuildFile; fileRef = 2E25E39C27F87EF1002B3AD0 /* RandomUsersResponse.swift */; };
		2E25E3A227F88992002B3AD0 /* JSONReader.swift in Sources */ = {isa = PBXBuildFile; fileRef = 2E25E3A127F88992002B3AD0 /* JSONReader.swift */; };
		2E6ED0F027F991AA004C6ADA /* User.swift in Sources */ = {isa = PBXBuildFile; fileRef = 2E6ED0EF27F991AA004C6ADA /* User.swift */; };
		2E6ED0F227F99227004C6ADA /* UserCellView.swift in Sources */ = {isa = PBXBuildFile; fileRef = 2E6ED0F127F99227004C6ADA /* UserCellView.swift */; };
		2E75FE3727FA4638005652BD /* ServiceUserFetchable.swift in Sources */ = {isa = PBXBuildFile; fileRef = 2E75FE3627FA4638005652BD /* ServiceUserFetchable.swift */; };
		2EF17C1527F8A22700E32617 /* RandomUsers.json in Resources */ = {isa = PBXBuildFile; fileRef = 2E25E39F27F88759002B3AD0 /* RandomUsers.json */; };
		2EF17C1727F8AF1000E32617 /* RepeatedRandomUsers.json in Resources */ = {isa = PBXBuildFile; fileRef = 2EF17C1627F8AF1000E32617 /* RepeatedRandomUsers.json */; };
		2EF17C1B27F8B19500E32617 /* RandomUsersResponse+FilterRepeatedUsers.swift in Sources */ = {isa = PBXBuildFile; fileRef = 2EF17C1A27F8B19500E32617 /* RandomUsersResponse+FilterRepeatedUsers.swift */; };
		2EF17C1D27F8BEC300E32617 /* Results.swift in Sources */ = {isa = PBXBuildFile; fileRef = 2EF17C1C27F8BEC300E32617 /* Results.swift */; };
		2EF17C2027F8BF0D00E32617 /* Location.swift in Sources */ = {isa = PBXBuildFile; fileRef = 2EF17C1F27F8BF0D00E32617 /* Location.swift */; };
/* End PBXBuildFile section */

/* Begin PBXContainerItemProxy section */
		2E25E34227F7BB48002B3AD0 /* PBXContainerItemProxy */ = {
			isa = PBXContainerItemProxy;
			containerPortal = 2E25E32927F7BB48002B3AD0 /* Project object */;
			proxyType = 1;
			remoteGlobalIDString = 2E25E33027F7BB48002B3AD0;
			remoteInfo = RandomApp;
		};
		2E25E34C27F7BB48002B3AD0 /* PBXContainerItemProxy */ = {
			isa = PBXContainerItemProxy;
			containerPortal = 2E25E32927F7BB48002B3AD0 /* Project object */;
			proxyType = 1;
			remoteGlobalIDString = 2E25E33027F7BB48002B3AD0;
			remoteInfo = RandomApp;
		};
		2E25E36E27F842CA002B3AD0 /* PBXContainerItemProxy */ = {
			isa = PBXContainerItemProxy;
			containerPortal = 2E25E32927F7BB48002B3AD0 /* Project object */;
			proxyType = 1;
			remoteGlobalIDString = 2E25E36227F842CA002B3AD0;
			remoteInfo = RandomAPI;
		};
		2E25E37027F842CA002B3AD0 /* PBXContainerItemProxy */ = {
			isa = PBXContainerItemProxy;
			containerPortal = 2E25E32927F7BB48002B3AD0 /* Project object */;
			proxyType = 1;
			remoteGlobalIDString = 2E25E33027F7BB48002B3AD0;
			remoteInfo = RandomApp;
		};
		2E25E37627F842CA002B3AD0 /* PBXContainerItemProxy */ = {
			isa = PBXContainerItemProxy;
			containerPortal = 2E25E32927F7BB48002B3AD0 /* Project object */;
			proxyType = 1;
			remoteGlobalIDString = 2E25E36227F842CA002B3AD0;
			remoteInfo = RandomAPI;
		};
/* End PBXContainerItemProxy section */

/* Begin PBXCopyFilesBuildPhase section */
		2E25E37A27F842CA002B3AD0 /* Embed Frameworks */ = {
			isa = PBXCopyFilesBuildPhase;
			buildActionMask = 2147483647;
			dstPath = "";
			dstSubfolderSpec = 10;
			files = (
				2E25E37927F842CA002B3AD0 /* RandomAPI.framework in Embed Frameworks */,
			);
			name = "Embed Frameworks";
			runOnlyForDeploymentPostprocessing = 0;
		};
/* End PBXCopyFilesBuildPhase section */

/* Begin PBXFileReference section */
		2E11717A27F8C4A300B7ED02 /* Spy.swift */ = {isa = PBXFileReference; lastKnownFileType = sourcecode.swift; path = Spy.swift; sourceTree = "<group>"; };
		2E11717D27F9201A00B7ED02 /* UserListViewModel.swift */ = {isa = PBXFileReference; lastKnownFileType = sourcecode.swift; path = UserListViewModel.swift; sourceTree = "<group>"; };
		2E22430727FCC5D7004804CA /* ServiceImageFetchable.swift */ = {isa = PBXFileReference; lastKnownFileType = sourcecode.swift; path = ServiceImageFetchable.swift; sourceTree = "<group>"; };
		2E22430927FCC5FE004804CA /* ServiceImageFetcher.swift */ = {isa = PBXFileReference; lastKnownFileType = sourcecode.swift; path = ServiceImageFetcher.swift; sourceTree = "<group>"; };
		2E22430B27FCC618004804CA /* String+MD5.swift */ = {isa = PBXFileReference; lastKnownFileType = sourcecode.swift; path = "String+MD5.swift"; sourceTree = "<group>"; };
		2E22430E27FCC817004804CA /* ServiceImageFetcherTests.swift */ = {isa = PBXFileReference; lastKnownFileType = sourcecode.swift; path = ServiceImageFetcherTests.swift; sourceTree = "<group>"; };
		2E22431127FCC930004804CA /* RandomAPIMock.swift */ = {isa = PBXFileReference; lastKnownFileType = sourcecode.swift; path = RandomAPIMock.swift; sourceTree = "<group>"; };
		2E22431627FCCE7D004804CA /* pixels.jpeg */ = {isa = PBXFileReference; lastKnownFileType = image.jpeg; path = pixels.jpeg; sourceTree = "<group>"; };
		2E22431927FCD0AA004804CA /* DefaultStoreMock.swift */ = {isa = PBXFileReference; lastKnownFileType = sourcecode.swift; path = DefaultStoreMock.swift; sourceTree = "<group>"; };
		2E22431B27FCD2E7004804CA /* Storable.swift */ = {isa = PBXFileReference; lastKnownFileType = sourcecode.swift; path = Storable.swift; sourceTree = "<group>"; };
		2E22431F27FCEA4D004804CA /* ServiceUserFetcherTests.swift */ = {isa = PBXFileReference; lastKnownFileType = sourcecode.swift; path = ServiceUserFetcherTests.swift; sourceTree = "<group>"; };
		2E22432127FCEAAE004804CA /* ImageServiceFetcherMock.swift */ = {isa = PBXFileReference; lastKnownFileType = sourcecode.swift; path = ImageServiceFetcherMock.swift; sourceTree = "<group>"; };
		2E22432627FCFEF5004804CA /* RandomAppTests.xctestplan */ = {isa = PBXFileReference; lastKnownFileType = text; name = RandomAppTests.xctestplan; path = RandomApp.xcodeproj/RandomAppTests.xctestplan; sourceTree = "<group>"; };
		2E22432727FD00FF004804CA /* ServiceUserFetcher.swift */ = {isa = PBXFileReference; lastKnownFileType = sourcecode.swift; path = ServiceUserFetcher.swift; sourceTree = "<group>"; };
		2E25E33127F7BB48002B3AD0 /* RandomApp.app */ = {isa = PBXFileReference; explicitFileType = wrapper.application; includeInIndex = 0; path = RandomApp.app; sourceTree = BUILT_PRODUCTS_DIR; };
		2E25E33427F7BB48002B3AD0 /* RandomAppApp.swift */ = {isa = PBXFileReference; lastKnownFileType = sourcecode.swift; path = RandomAppApp.swift; sourceTree = "<group>"; };
		2E25E33627F7BB48002B3AD0 /* UserListView.swift */ = {isa = PBXFileReference; lastKnownFileType = sourcecode.swift; path = UserListView.swift; sourceTree = "<group>"; };
		2E25E33827F7BB48002B3AD0 /* Assets.xcassets */ = {isa = PBXFileReference; lastKnownFileType = folder.assetcatalog; path = Assets.xcassets; sourceTree = "<group>"; };
		2E25E33B27F7BB48002B3AD0 /* Preview Assets.xcassets */ = {isa = PBXFileReference; lastKnownFileType = folder.assetcatalog; path = "Preview Assets.xcassets"; sourceTree = "<group>"; };
		2E25E34127F7BB48002B3AD0 /* RandomAppTests.xctest */ = {isa = PBXFileReference; explicitFileType = wrapper.cfbundle; includeInIndex = 0; path = RandomAppTests.xctest; sourceTree = BUILT_PRODUCTS_DIR; };
		2E25E34527F7BB48002B3AD0 /* RandomAppTests.swift */ = {isa = PBXFileReference; lastKnownFileType = sourcecode.swift; path = RandomAppTests.swift; sourceTree = "<group>"; };
		2E25E34B27F7BB48002B3AD0 /* RandomAppUITests.xctest */ = {isa = PBXFileReference; explicitFileType = wrapper.cfbundle; includeInIndex = 0; path = RandomAppUITests.xctest; sourceTree = BUILT_PRODUCTS_DIR; };
		2E25E34F27F7BB48002B3AD0 /* RandomAppUITests.swift */ = {isa = PBXFileReference; lastKnownFileType = sourcecode.swift; path = RandomAppUITests.swift; sourceTree = "<group>"; };
		2E25E35127F7BB48002B3AD0 /* RandomAppUITestsLaunchTests.swift */ = {isa = PBXFileReference; lastKnownFileType = sourcecode.swift; path = RandomAppUITestsLaunchTests.swift; sourceTree = "<group>"; };
		2E25E36327F842CA002B3AD0 /* RandomAPI.framework */ = {isa = PBXFileReference; explicitFileType = wrapper.framework; includeInIndex = 0; path = RandomAPI.framework; sourceTree = BUILT_PRODUCTS_DIR; };
		2E25E36627F842CA002B3AD0 /* RandomAPI.docc */ = {isa = PBXFileReference; lastKnownFileType = folder.documentationcatalog; path = RandomAPI.docc; sourceTree = "<group>"; };
		2E25E36C27F842CA002B3AD0 /* RandomAPITests.xctest */ = {isa = PBXFileReference; explicitFileType = wrapper.cfbundle; includeInIndex = 0; path = RandomAPITests.xctest; sourceTree = BUILT_PRODUCTS_DIR; };
		2E25E38327F844B3002B3AD0 /* SessionHandler.swift */ = {isa = PBXFileReference; lastKnownFileType = sourcecode.swift; path = SessionHandler.swift; sourceTree = "<group>"; };
		2E25E38527F84720002B3AD0 /* RandomUsersRequest.swift */ = {isa = PBXFileReference; lastKnownFileType = sourcecode.swift; path = RandomUsersRequest.swift; sourceTree = "<group>"; };
		2E25E38727F847A6002B3AD0 /* RandomAPI.swift */ = {isa = PBXFileReference; lastKnownFileType = sourcecode.swift; path = RandomAPI.swift; sourceTree = "<group>"; };
		2E25E38927F849EF002B3AD0 /* EnvironmentProtocol.swift */ = {isa = PBXFileReference; lastKnownFileType = sourcecode.swift; path = EnvironmentProtocol.swift; sourceTree = "<group>"; };
		2E25E38B27F85039002B3AD0 /* RequestProtocol.swift */ = {isa = PBXFileReference; lastKnownFileType = sourcecode.swift; path = RequestProtocol.swift; sourceTree = "<group>"; };
		2E25E38E27F859EB002B3AD0 /* BaseAPIOperation.swift */ = {isa = PBXFileReference; lastKnownFileType = sourcecode.swift; path = BaseAPIOperation.swift; sourceTree = "<group>"; };
		2E25E39027F85A12002B3AD0 /* APIRequestError.swift */ = {isa = PBXFileReference; lastKnownFileType = sourcecode.swift; path = APIRequestError.swift; sourceTree = "<group>"; };
		2E25E39427F85EDB002B3AD0 /* SessionHandlerMock.swift */ = {isa = PBXFileReference; lastKnownFileType = sourcecode.swift; path = SessionHandlerMock.swift; sourceTree = "<group>"; };
		2E25E39627F863ED002B3AD0 /* BaseAPIOperationTests.swift */ = {isa = PBXFileReference; lastKnownFileType = sourcecode.swift; path = BaseAPIOperationTests.swift; sourceTree = "<group>"; };
		2E25E39927F869AA002B3AD0 /* RandomAPITests.swift */ = {isa = PBXFileReference; lastKnownFileType = sourcecode.swift; path = RandomAPITests.swift; sourceTree = "<group>"; };
		2E25E39C27F87EF1002B3AD0 /* RandomUsersResponse.swift */ = {isa = PBXFileReference; lastKnownFileType = sourcecode.swift; path = RandomUsersResponse.swift; sourceTree = "<group>"; };
		2E25E39F27F88759002B3AD0 /* RandomUsers.json */ = {isa = PBXFileReference; lastKnownFileType = text.json; path = RandomUsers.json; sourceTree = "<group>"; };
		2E25E3A127F88992002B3AD0 /* JSONReader.swift */ = {isa = PBXFileReference; lastKnownFileType = sourcecode.swift; path = JSONReader.swift; sourceTree = "<group>"; };
		2E6ED0EF27F991AA004C6ADA /* User.swift */ = {isa = PBXFileReference; lastKnownFileType = sourcecode.swift; path = User.swift; sourceTree = "<group>"; };
		2E6ED0F127F99227004C6ADA /* UserCellView.swift */ = {isa = PBXFileReference; lastKnownFileType = sourcecode.swift; path = UserCellView.swift; sourceTree = "<group>"; };
		2E75FE3627FA4638005652BD /* ServiceUserFetchable.swift */ = {isa = PBXFileReference; lastKnownFileType = sourcecode.swift; path = ServiceUserFetchable.swift; sourceTree = "<group>"; };
		2EF17C1627F8AF1000E32617 /* RepeatedRandomUsers.json */ = {isa = PBXFileReference; lastKnownFileType = text.json; path = RepeatedRandomUsers.json; sourceTree = "<group>"; };
		2EF17C1A27F8B19500E32617 /* RandomUsersResponse+FilterRepeatedUsers.swift */ = {isa = PBXFileReference; lastKnownFileType = sourcecode.swift; path = "RandomUsersResponse+FilterRepeatedUsers.swift"; sourceTree = "<group>"; };
		2EF17C1C27F8BEC300E32617 /* Results.swift */ = {isa = PBXFileReference; lastKnownFileType = sourcecode.swift; path = Results.swift; sourceTree = "<group>"; };
		2EF17C1F27F8BF0D00E32617 /* Location.swift */ = {isa = PBXFileReference; lastKnownFileType = sourcecode.swift; path = Location.swift; sourceTree = "<group>"; };
/* End PBXFileReference section */

/* Begin PBXFrameworksBuildPhase section */
		2E25E32E27F7BB48002B3AD0 /* Frameworks */ = {
			isa = PBXFrameworksBuildPhase;
			buildActionMask = 2147483647;
			files = (
				2E25E37827F842CA002B3AD0 /* RandomAPI.framework in Frameworks */,
			);
			runOnlyForDeploymentPostprocessing = 0;
		};
		2E25E33E27F7BB48002B3AD0 /* Frameworks */ = {
			isa = PBXFrameworksBuildPhase;
			buildActionMask = 2147483647;
			files = (
			);
			runOnlyForDeploymentPostprocessing = 0;
		};
		2E25E34827F7BB48002B3AD0 /* Frameworks */ = {
			isa = PBXFrameworksBuildPhase;
			buildActionMask = 2147483647;
			files = (
			);
			runOnlyForDeploymentPostprocessing = 0;
		};
		2E25E36027F842CA002B3AD0 /* Frameworks */ = {
			isa = PBXFrameworksBuildPhase;
			buildActionMask = 2147483647;
			files = (
			);
			runOnlyForDeploymentPostprocessing = 0;
		};
		2E25E36927F842CA002B3AD0 /* Frameworks */ = {
			isa = PBXFrameworksBuildPhase;
			buildActionMask = 2147483647;
			files = (
				2E25E36D27F842CA002B3AD0 /* RandomAPI.framework in Frameworks */,
			);
			runOnlyForDeploymentPostprocessing = 0;
		};
/* End PBXFrameworksBuildPhase section */

/* Begin PBXGroup section */
		2E11717C27F9178B00B7ED02 /* modules */ = {
			isa = PBXGroup;
			children = (
				2E22431E27FCE965004804CA /* ViewModels */,
				2E6ED0EE27F9919B004C6ADA /* Models */,
				2E6ED0EB27F99178004C6ADA /* Views */,
			);
			path = modules;
			sourceTree = "<group>";
		};
		2E22430627FCC5B6004804CA /* ServiceImageFetcher */ = {
			isa = PBXGroup;
			children = (
				2E22430727FCC5D7004804CA /* ServiceImageFetchable.swift */,
				2E22430927FCC5FE004804CA /* ServiceImageFetcher.swift */,
				2E22430B27FCC618004804CA /* String+MD5.swift */,
				2E22431B27FCD2E7004804CA /* Storable.swift */,
			);
			path = ServiceImageFetcher;
			sourceTree = "<group>";
		};
		2E22430D27FCC80B004804CA /* Services */ = {
			isa = PBXGroup;
			children = (
				2E22430E27FCC817004804CA /* ServiceImageFetcherTests.swift */,
				2E22431F27FCEA4D004804CA /* ServiceUserFetcherTests.swift */,
			);
			path = Services;
			sourceTree = "<group>";
		};
		2E22431027FCC923004804CA /* Mocks */ = {
			isa = PBXGroup;
			children = (
				2E22431127FCC930004804CA /* RandomAPIMock.swift */,
				2E22431927FCD0AA004804CA /* DefaultStoreMock.swift */,
				2E22432127FCEAAE004804CA /* ImageServiceFetcherMock.swift */,
			);
			path = Mocks;
			sourceTree = "<group>";
		};
		2E22431827FCCE83004804CA /* Resources */ = {
			isa = PBXGroup;
			children = (
				2E22431627FCCE7D004804CA /* pixels.jpeg */,
			);
			path = Resources;
			sourceTree = "<group>";
		};
		2E22431D27FCE94F004804CA /* ServiceUserFetcher */ = {
			isa = PBXGroup;
			children = (
				2E75FE3627FA4638005652BD /* ServiceUserFetchable.swift */,
				2E22432727FD00FF004804CA /* ServiceUserFetcher.swift */,
			);
			path = ServiceUserFetcher;
			sourceTree = "<group>";
		};
		2E22431E27FCE965004804CA /* ViewModels */ = {
			isa = PBXGroup;
			children = (
				2E11717D27F9201A00B7ED02 /* UserListViewModel.swift */,
			);
			path = ViewModels;
			sourceTree = "<group>";
		};
		2E25E32827F7BB48002B3AD0 = {
			isa = PBXGroup;
			children = (
				2E22432627FCFEF5004804CA /* RandomAppTests.xctestplan */,
				2E25E33327F7BB48002B3AD0 /* RandomApp */,
				2E25E34427F7BB48002B3AD0 /* RandomAppTests */,
				2E25E34E27F7BB48002B3AD0 /* RandomAppUITests */,
				2E25E36427F842CA002B3AD0 /* RandomAPI */,
				2E25E37227F842CA002B3AD0 /* RandomAPITests */,
				2E25E33227F7BB48002B3AD0 /* Products */,
			);
			sourceTree = "<group>";
		};
		2E25E33227F7BB48002B3AD0 /* Products */ = {
			isa = PBXGroup;
			children = (
				2E25E33127F7BB48002B3AD0 /* RandomApp.app */,
				2E25E34127F7BB48002B3AD0 /* RandomAppTests.xctest */,
				2E25E34B27F7BB48002B3AD0 /* RandomAppUITests.xctest */,
				2E25E36327F842CA002B3AD0 /* RandomAPI.framework */,
				2E25E36C27F842CA002B3AD0 /* RandomAPITests.xctest */,
			);
			name = Products;
			sourceTree = "<group>";
		};
		2E25E33327F7BB48002B3AD0 /* RandomApp */ = {
			isa = PBXGroup;
			children = (
				2E75FE3527FA45FC005652BD /* Services */,
				2E11717C27F9178B00B7ED02 /* modules */,
				2E25E33427F7BB48002B3AD0 /* RandomAppApp.swift */,
				2E25E33827F7BB48002B3AD0 /* Assets.xcassets */,
				2E25E33A27F7BB48002B3AD0 /* Preview Content */,
			);
			path = RandomApp;
			sourceTree = "<group>";
		};
		2E25E33A27F7BB48002B3AD0 /* Preview Content */ = {
			isa = PBXGroup;
			children = (
				2E25E33B27F7BB48002B3AD0 /* Preview Assets.xcassets */,
			);
			path = "Preview Content";
			sourceTree = "<group>";
		};
		2E25E34427F7BB48002B3AD0 /* RandomAppTests */ = {
			isa = PBXGroup;
			children = (
				2E22431827FCCE83004804CA /* Resources */,
				2E22431027FCC923004804CA /* Mocks */,
				2E22430D27FCC80B004804CA /* Services */,
				2E25E34527F7BB48002B3AD0 /* RandomAppTests.swift */,
			);
			path = RandomAppTests;
			sourceTree = "<group>";
		};
		2E25E34E27F7BB48002B3AD0 /* RandomAppUITests */ = {
			isa = PBXGroup;
			children = (
				2E25E34F27F7BB48002B3AD0 /* RandomAppUITests.swift */,
				2E25E35127F7BB48002B3AD0 /* RandomAppUITestsLaunchTests.swift */,
			);
			path = RandomAppUITests;
			sourceTree = "<group>";
		};
		2E25E36427F842CA002B3AD0 /* RandomAPI */ = {
			isa = PBXGroup;
			children = (
				2E25E38D27F859DF002B3AD0 /* BaseAPI */,
				2E25E38127F842F6002B3AD0 /* Models */,
				2E25E36627F842CA002B3AD0 /* RandomAPI.docc */,
				2E25E38727F847A6002B3AD0 /* RandomAPI.swift */,
				2E25E38927F849EF002B3AD0 /* EnvironmentProtocol.swift */,
			);
			path = RandomAPI;
			sourceTree = "<group>";
		};
		2E25E37227F842CA002B3AD0 /* RandomAPITests */ = {
			isa = PBXGroup;
			children = (
				2E25E3A027F88985002B3AD0 /* Helpers */,
				2E25E39E27F8873E002B3AD0 /* Resources */,
				2E25E39627F863ED002B3AD0 /* BaseAPIOperationTests.swift */,
				2E25E39927F869AA002B3AD0 /* RandomAPITests.swift */,
			);
			path = RandomAPITests;
			sourceTree = "<group>";
		};
		2E25E38127F842F6002B3AD0 /* Models */ = {
			isa = PBXGroup;
			children = (
				2E25E39227F85A2F002B3AD0 /* Responses */,
				2E25E38227F84329002B3AD0 /* Requests */,
			);
			path = Models;
			sourceTree = "<group>";
		};
		2E25E38227F84329002B3AD0 /* Requests */ = {
			isa = PBXGroup;
			children = (
				2E25E38527F84720002B3AD0 /* RandomUsersRequest.swift */,
				2E25E38B27F85039002B3AD0 /* RequestProtocol.swift */,
				2E25E39027F85A12002B3AD0 /* APIRequestError.swift */,
			);
			path = Requests;
			sourceTree = "<group>";
		};
		2E25E38D27F859DF002B3AD0 /* BaseAPI */ = {
			isa = PBXGroup;
			children = (
				2E25E38327F844B3002B3AD0 /* SessionHandler.swift */,
				2E25E38E27F859EB002B3AD0 /* BaseAPIOperation.swift */,
			);
			path = BaseAPI;
			sourceTree = "<group>";
		};
		2E25E39227F85A2F002B3AD0 /* Responses */ = {
			isa = PBXGroup;
			children = (
				2EF17C1E27F8BF0500E32617 /* Results */,
				2E25E39C27F87EF1002B3AD0 /* RandomUsersResponse.swift */,
				2EF17C1A27F8B19500E32617 /* RandomUsersResponse+FilterRepeatedUsers.swift */,
			);
			path = Responses;
			sourceTree = "<group>";
		};
		2E25E39327F85ED3002B3AD0 /* Mocks */ = {
			isa = PBXGroup;
			children = (
				2E25E39427F85EDB002B3AD0 /* SessionHandlerMock.swift */,
				2E11717A27F8C4A300B7ED02 /* Spy.swift */,
			);
			path = Mocks;
			sourceTree = "<group>";
		};
		2E25E39E27F8873E002B3AD0 /* Resources */ = {
			isa = PBXGroup;
			children = (
				2E25E39F27F88759002B3AD0 /* RandomUsers.json */,
				2EF17C1627F8AF1000E32617 /* RepeatedRandomUsers.json */,
			);
			path = Resources;
			sourceTree = "<group>";
		};
		2E25E3A027F88985002B3AD0 /* Helpers */ = {
			isa = PBXGroup;
			children = (
				2E25E39327F85ED3002B3AD0 /* Mocks */,
				2E25E3A127F88992002B3AD0 /* JSONReader.swift */,
			);
			path = Helpers;
			sourceTree = "<group>";
		};
		2E6ED0EB27F99178004C6ADA /* Views */ = {
			isa = PBXGroup;
			children = (
				2E25E33627F7BB48002B3AD0 /* UserListView.swift */,
				2E6ED0F127F99227004C6ADA /* UserCellView.swift */,
			);
			path = Views;
			sourceTree = "<group>";
		};
		2E6ED0EE27F9919B004C6ADA /* Models */ = {
			isa = PBXGroup;
			children = (
				2E6ED0EF27F991AA004C6ADA /* User.swift */,
			);
			path = Models;
			sourceTree = "<group>";
		};
		2E75FE3527FA45FC005652BD /* Services */ = {
			isa = PBXGroup;
			children = (
				2E22431D27FCE94F004804CA /* ServiceUserFetcher */,
				2E22430627FCC5B6004804CA /* ServiceImageFetcher */,
			);
			path = Services;
			sourceTree = "<group>";
		};
		2EF17C1E27F8BF0500E32617 /* Results */ = {
			isa = PBXGroup;
			children = (
				2EF17C1C27F8BEC300E32617 /* Results.swift */,
				2EF17C1F27F8BF0D00E32617 /* Location.swift */,
			);
			path = Results;
			sourceTree = "<group>";
		};
/* End PBXGroup section */

/* Begin PBXHeadersBuildPhase section */
		2E25E35E27F842CA002B3AD0 /* Headers */ = {
			isa = PBXHeadersBuildPhase;
			buildActionMask = 2147483647;
			files = (
			);
			runOnlyForDeploymentPostprocessing = 0;
		};
/* End PBXHeadersBuildPhase section */

/* Begin PBXNativeTarget section */
		2E25E33027F7BB48002B3AD0 /* RandomApp */ = {
			isa = PBXNativeTarget;
			buildConfigurationList = 2E25E35527F7BB48002B3AD0 /* Build configuration list for PBXNativeTarget "RandomApp" */;
			buildPhases = (
				2E25E32D27F7BB48002B3AD0 /* Sources */,
				2E25E32E27F7BB48002B3AD0 /* Frameworks */,
				2E25E32F27F7BB48002B3AD0 /* Resources */,
				2E25E37A27F842CA002B3AD0 /* Embed Frameworks */,
			);
			buildRules = (
			);
			dependencies = (
				2E25E37727F842CA002B3AD0 /* PBXTargetDependency */,
			);
			name = RandomApp;
			productName = RandomApp;
			productReference = 2E25E33127F7BB48002B3AD0 /* RandomApp.app */;
			productType = "com.apple.product-type.application";
		};
		2E25E34027F7BB48002B3AD0 /* RandomAppTests */ = {
			isa = PBXNativeTarget;
			buildConfigurationList = 2E25E35827F7BB48002B3AD0 /* Build configuration list for PBXNativeTarget "RandomAppTests" */;
			buildPhases = (
				2E25E33D27F7BB48002B3AD0 /* Sources */,
				2E25E33E27F7BB48002B3AD0 /* Frameworks */,
				2E25E33F27F7BB48002B3AD0 /* Resources */,
			);
			buildRules = (
			);
			dependencies = (
				2E25E34327F7BB48002B3AD0 /* PBXTargetDependency */,
			);
			name = RandomAppTests;
			productName = RandomAppTests;
			productReference = 2E25E34127F7BB48002B3AD0 /* RandomAppTests.xctest */;
			productType = "com.apple.product-type.bundle.unit-test";
		};
		2E25E34A27F7BB48002B3AD0 /* RandomAppUITests */ = {
			isa = PBXNativeTarget;
			buildConfigurationList = 2E25E35B27F7BB48002B3AD0 /* Build configuration list for PBXNativeTarget "RandomAppUITests" */;
			buildPhases = (
				2E25E34727F7BB48002B3AD0 /* Sources */,
				2E25E34827F7BB48002B3AD0 /* Frameworks */,
				2E25E34927F7BB48002B3AD0 /* Resources */,
			);
			buildRules = (
			);
			dependencies = (
				2E25E34D27F7BB48002B3AD0 /* PBXTargetDependency */,
			);
			name = RandomAppUITests;
			productName = RandomAppUITests;
			productReference = 2E25E34B27F7BB48002B3AD0 /* RandomAppUITests.xctest */;
			productType = "com.apple.product-type.bundle.ui-testing";
		};
		2E25E36227F842CA002B3AD0 /* RandomAPI */ = {
			isa = PBXNativeTarget;
			buildConfigurationList = 2E25E37F27F842CA002B3AD0 /* Build configuration list for PBXNativeTarget "RandomAPI" */;
			buildPhases = (
				2E25E35E27F842CA002B3AD0 /* Headers */,
				2E25E35F27F842CA002B3AD0 /* Sources */,
				2E25E36027F842CA002B3AD0 /* Frameworks */,
				2E25E36127F842CA002B3AD0 /* Resources */,
			);
			buildRules = (
			);
			dependencies = (
			);
			name = RandomAPI;
			productName = RandomAPI;
			productReference = 2E25E36327F842CA002B3AD0 /* RandomAPI.framework */;
			productType = "com.apple.product-type.framework";
		};
		2E25E36B27F842CA002B3AD0 /* RandomAPITests */ = {
			isa = PBXNativeTarget;
			buildConfigurationList = 2E25E38027F842CA002B3AD0 /* Build configuration list for PBXNativeTarget "RandomAPITests" */;
			buildPhases = (
				2E25E36827F842CA002B3AD0 /* Sources */,
				2E25E36927F842CA002B3AD0 /* Frameworks */,
				2E25E36A27F842CA002B3AD0 /* Resources */,
			);
			buildRules = (
			);
			dependencies = (
				2E25E36F27F842CA002B3AD0 /* PBXTargetDependency */,
				2E25E37127F842CA002B3AD0 /* PBXTargetDependency */,
			);
			name = RandomAPITests;
			productName = RandomAPITests;
			productReference = 2E25E36C27F842CA002B3AD0 /* RandomAPITests.xctest */;
			productType = "com.apple.product-type.bundle.unit-test";
		};
/* End PBXNativeTarget section */

/* Begin PBXProject section */
		2E25E32927F7BB48002B3AD0 /* Project object */ = {
			isa = PBXProject;
			attributes = {
				BuildIndependentTargetsInParallel = 1;
				LastSwiftUpdateCheck = 1320;
				LastUpgradeCheck = 1320;
				TargetAttributes = {
					2E25E33027F7BB48002B3AD0 = {
						CreatedOnToolsVersion = 13.2.1;
					};
					2E25E34027F7BB48002B3AD0 = {
						CreatedOnToolsVersion = 13.2.1;
						TestTargetID = 2E25E33027F7BB48002B3AD0;
					};
					2E25E34A27F7BB48002B3AD0 = {
						CreatedOnToolsVersion = 13.2.1;
						TestTargetID = 2E25E33027F7BB48002B3AD0;
					};
					2E25E36227F842CA002B3AD0 = {
						CreatedOnToolsVersion = 13.2.1;
					};
					2E25E36B27F842CA002B3AD0 = {
						CreatedOnToolsVersion = 13.2.1;
						TestTargetID = 2E25E33027F7BB48002B3AD0;
					};
				};
			};
			buildConfigurationList = 2E25E32C27F7BB48002B3AD0 /* Build configuration list for PBXProject "RandomApp" */;
			compatibilityVersion = "Xcode 13.0";
			developmentRegion = en;
			hasScannedForEncodings = 0;
			knownRegions = (
				en,
				Base,
			);
			mainGroup = 2E25E32827F7BB48002B3AD0;
			productRefGroup = 2E25E33227F7BB48002B3AD0 /* Products */;
			projectDirPath = "";
			projectRoot = "";
			targets = (
				2E25E33027F7BB48002B3AD0 /* RandomApp */,
				2E25E34027F7BB48002B3AD0 /* RandomAppTests */,
				2E25E34A27F7BB48002B3AD0 /* RandomAppUITests */,
				2E25E36227F842CA002B3AD0 /* RandomAPI */,
				2E25E36B27F842CA002B3AD0 /* RandomAPITests */,
			);
		};
/* End PBXProject section */

/* Begin PBXResourcesBuildPhase section */
		2E25E32F27F7BB48002B3AD0 /* Resources */ = {
			isa = PBXResourcesBuildPhase;
			buildActionMask = 2147483647;
			files = (
				2E25E33C27F7BB48002B3AD0 /* Preview Assets.xcassets in Resources */,
				2E25E33927F7BB48002B3AD0 /* Assets.xcassets in Resources */,
			);
			runOnlyForDeploymentPostprocessing = 0;
		};
		2E25E33F27F7BB48002B3AD0 /* Resources */ = {
			isa = PBXResourcesBuildPhase;
			buildActionMask = 2147483647;
			files = (
				2E22431727FCCE7D004804CA /* pixels.jpeg in Resources */,
				2E22432327FCF045004804CA /* RandomUsers.json in Resources */,
			);
			runOnlyForDeploymentPostprocessing = 0;
		};
		2E25E34927F7BB48002B3AD0 /* Resources */ = {
			isa = PBXResourcesBuildPhase;
			buildActionMask = 2147483647;
			files = (
			);
			runOnlyForDeploymentPostprocessing = 0;
		};
		2E25E36127F842CA002B3AD0 /* Resources */ = {
			isa = PBXResourcesBuildPhase;
			buildActionMask = 2147483647;
			files = (
			);
			runOnlyForDeploymentPostprocessing = 0;
		};
		2E25E36A27F842CA002B3AD0 /* Resources */ = {
			isa = PBXResourcesBuildPhase;
			buildActionMask = 2147483647;
			files = (
				2EF17C1527F8A22700E32617 /* RandomUsers.json in Resources */,
				2EF17C1727F8AF1000E32617 /* RepeatedRandomUsers.json in Resources */,
			);
			runOnlyForDeploymentPostprocessing = 0;
		};
/* End PBXResourcesBuildPhase section */

/* Begin PBXSourcesBuildPhase section */
		2E25E32D27F7BB48002B3AD0 /* Sources */ = {
			isa = PBXSourcesBuildPhase;
			buildActionMask = 2147483647;
			files = (
				2E25E33727F7BB48002B3AD0 /* UserListView.swift in Sources */,
				2E22431C27FCD2E7004804CA /* Storable.swift in Sources */,
				2E22430A27FCC5FE004804CA /* ServiceImageFetcher.swift in Sources */,
				2E22430827FCC5D7004804CA /* ServiceImageFetchable.swift in Sources */,
				2E22430C27FCC618004804CA /* String+MD5.swift in Sources */,
				2E75FE3727FA4638005652BD /* ServiceUserFetchable.swift in Sources */,
				2E22432827FD00FF004804CA /* ServiceUserFetcher.swift in Sources */,
				2E11717E27F9201A00B7ED02 /* UserListViewModel.swift in Sources */,
				2E25E33527F7BB48002B3AD0 /* RandomAppApp.swift in Sources */,
				2E6ED0F227F99227004C6ADA /* UserCellView.swift in Sources */,
				2E6ED0F027F991AA004C6ADA /* User.swift in Sources */,
			);
			runOnlyForDeploymentPostprocessing = 0;
		};
		2E25E33D27F7BB48002B3AD0 /* Sources */ = {
			isa = PBXSourcesBuildPhase;
			buildActionMask = 2147483647;
			files = (
				2E22432427FCF04F004804CA /* JSONReader.swift in Sources */,
				2E22432027FCEA4D004804CA /* ServiceUserFetcherTests.swift in Sources */,
				2E22431527FCCB73004804CA /* Spy.swift in Sources */,
				2E22432227FCEAAE004804CA /* ImageServiceFetcherMock.swift in Sources */,
				2E25E34627F7BB48002B3AD0 /* RandomAppTests.swift in Sources */,
				2E22431A27FCD0AA004804CA /* DefaultStoreMock.swift in Sources */,
				2E22430F27FCC817004804CA /* ServiceImageFetcherTests.swift in Sources */,
				2E22431427FCCB66004804CA /* RandomAPIMock.swift in Sources */,
			);
			runOnlyForDeploymentPostprocessing = 0;
		};
		2E25E34727F7BB48002B3AD0 /* Sources */ = {
			isa = PBXSourcesBuildPhase;
			buildActionMask = 2147483647;
			files = (
				2E25E35027F7BB48002B3AD0 /* RandomAppUITests.swift in Sources */,
				2E25E35227F7BB48002B3AD0 /* RandomAppUITestsLaunchTests.swift in Sources */,
			);
			runOnlyForDeploymentPostprocessing = 0;
		};
		2E25E35F27F842CA002B3AD0 /* Sources */ = {
			isa = PBXSourcesBuildPhase;
			buildActionMask = 2147483647;
			files = (
				2E25E36727F842CA002B3AD0 /* RandomAPI.docc in Sources */,
				2E25E38F27F859EB002B3AD0 /* BaseAPIOperation.swift in Sources */,
				2E25E38827F847A6002B3AD0 /* RandomAPI.swift in Sources */,
				2EF17C1B27F8B19500E32617 /* RandomUsersResponse+FilterRepeatedUsers.swift in Sources */,
				2E25E38627F84720002B3AD0 /* RandomUsersRequest.swift in Sources */,
				2E25E38C27F85039002B3AD0 /* RequestProtocol.swift in Sources */,
				2E25E39127F85A12002B3AD0 /* APIRequestError.swift in Sources */,
				2EF17C1D27F8BEC300E32617 /* Results.swift in Sources */,
				2E25E39D27F87EF1002B3AD0 /* RandomUsersResponse.swift in Sources */,
				2E25E38A27F849EF002B3AD0 /* EnvironmentProtocol.swift in Sources */,
				2EF17C2027F8BF0D00E32617 /* Location.swift in Sources */,
				2E25E38427F844B3002B3AD0 /* SessionHandler.swift in Sources */,
			);
			runOnlyForDeploymentPostprocessing = 0;
		};
		2E25E36827F842CA002B3AD0 /* Sources */ = {
			isa = PBXSourcesBuildPhase;
			buildActionMask = 2147483647;
			files = (
				2E11717B27F8C4A300B7ED02 /* Spy.swift in Sources */,
				2E25E3A227F88992002B3AD0 /* JSONReader.swift in Sources */,
				2E25E39527F85EDB002B3AD0 /* SessionHandlerMock.swift in Sources */,
				2E25E39727F863ED002B3AD0 /* BaseAPIOperationTests.swift in Sources */,
				2E25E39A27F869AA002B3AD0 /* RandomAPITests.swift in Sources */,
			);
			runOnlyForDeploymentPostprocessing = 0;
		};
/* End PBXSourcesBuildPhase section */

/* Begin PBXTargetDependency section */
		2E25E34327F7BB48002B3AD0 /* PBXTargetDependency */ = {
			isa = PBXTargetDependency;
			target = 2E25E33027F7BB48002B3AD0 /* RandomApp */;
			targetProxy = 2E25E34227F7BB48002B3AD0 /* PBXContainerItemProxy */;
		};
		2E25E34D27F7BB48002B3AD0 /* PBXTargetDependency */ = {
			isa = PBXTargetDependency;
			target = 2E25E33027F7BB48002B3AD0 /* RandomApp */;
			targetProxy = 2E25E34C27F7BB48002B3AD0 /* PBXContainerItemProxy */;
		};
		2E25E36F27F842CA002B3AD0 /* PBXTargetDependency */ = {
			isa = PBXTargetDependency;
			target = 2E25E36227F842CA002B3AD0 /* RandomAPI */;
			targetProxy = 2E25E36E27F842CA002B3AD0 /* PBXContainerItemProxy */;
		};
		2E25E37127F842CA002B3AD0 /* PBXTargetDependency */ = {
			isa = PBXTargetDependency;
			target = 2E25E33027F7BB48002B3AD0 /* RandomApp */;
			targetProxy = 2E25E37027F842CA002B3AD0 /* PBXContainerItemProxy */;
		};
		2E25E37727F842CA002B3AD0 /* PBXTargetDependency */ = {
			isa = PBXTargetDependency;
			target = 2E25E36227F842CA002B3AD0 /* RandomAPI */;
			targetProxy = 2E25E37627F842CA002B3AD0 /* PBXContainerItemProxy */;
		};
/* End PBXTargetDependency section */

/* Begin XCBuildConfiguration section */
		2E25E35327F7BB48002B3AD0 /* Debug */ = {
			isa = XCBuildConfiguration;
			buildSettings = {
				ALWAYS_SEARCH_USER_PATHS = NO;
				CLANG_ANALYZER_NONNULL = YES;
				CLANG_ANALYZER_NUMBER_OBJECT_CONVERSION = YES_AGGRESSIVE;
				CLANG_CXX_LANGUAGE_STANDARD = "gnu++17";
				CLANG_CXX_LIBRARY = "libc++";
				CLANG_ENABLE_MODULES = YES;
				CLANG_ENABLE_OBJC_ARC = YES;
				CLANG_ENABLE_OBJC_WEAK = YES;
				CLANG_WARN_BLOCK_CAPTURE_AUTORELEASING = YES;
				CLANG_WARN_BOOL_CONVERSION = YES;
				CLANG_WARN_COMMA = YES;
				CLANG_WARN_CONSTANT_CONVERSION = YES;
				CLANG_WARN_DEPRECATED_OBJC_IMPLEMENTATIONS = YES;
				CLANG_WARN_DIRECT_OBJC_ISA_USAGE = YES_ERROR;
				CLANG_WARN_DOCUMENTATION_COMMENTS = YES;
				CLANG_WARN_EMPTY_BODY = YES;
				CLANG_WARN_ENUM_CONVERSION = YES;
				CLANG_WARN_INFINITE_RECURSION = YES;
				CLANG_WARN_INT_CONVERSION = YES;
				CLANG_WARN_NON_LITERAL_NULL_CONVERSION = YES;
				CLANG_WARN_OBJC_IMPLICIT_RETAIN_SELF = YES;
				CLANG_WARN_OBJC_LITERAL_CONVERSION = YES;
				CLANG_WARN_OBJC_ROOT_CLASS = YES_ERROR;
				CLANG_WARN_QUOTED_INCLUDE_IN_FRAMEWORK_HEADER = YES;
				CLANG_WARN_RANGE_LOOP_ANALYSIS = YES;
				CLANG_WARN_STRICT_PROTOTYPES = YES;
				CLANG_WARN_SUSPICIOUS_MOVE = YES;
				CLANG_WARN_UNGUARDED_AVAILABILITY = YES_AGGRESSIVE;
				CLANG_WARN_UNREACHABLE_CODE = YES;
				CLANG_WARN__DUPLICATE_METHOD_MATCH = YES;
				COPY_PHASE_STRIP = NO;
				DEBUG_INFORMATION_FORMAT = dwarf;
				ENABLE_STRICT_OBJC_MSGSEND = YES;
				ENABLE_TESTABILITY = YES;
				GCC_C_LANGUAGE_STANDARD = gnu11;
				GCC_DYNAMIC_NO_PIC = NO;
				GCC_NO_COMMON_BLOCKS = YES;
				GCC_OPTIMIZATION_LEVEL = 0;
				GCC_PREPROCESSOR_DEFINITIONS = (
					"DEBUG=1",
					"$(inherited)",
				);
				GCC_WARN_64_TO_32_BIT_CONVERSION = YES;
				GCC_WARN_ABOUT_RETURN_TYPE = YES_ERROR;
				GCC_WARN_UNDECLARED_SELECTOR = YES;
				GCC_WARN_UNINITIALIZED_AUTOS = YES_AGGRESSIVE;
				GCC_WARN_UNUSED_FUNCTION = YES;
				GCC_WARN_UNUSED_VARIABLE = YES;
				IPHONEOS_DEPLOYMENT_TARGET = 15.2;
				MTL_ENABLE_DEBUG_INFO = INCLUDE_SOURCE;
				MTL_FAST_MATH = YES;
				ONLY_ACTIVE_ARCH = YES;
				SDKROOT = iphoneos;
				SWIFT_ACTIVE_COMPILATION_CONDITIONS = DEBUG;
				SWIFT_OPTIMIZATION_LEVEL = "-Onone";
			};
			name = Debug;
		};
		2E25E35427F7BB48002B3AD0 /* Release */ = {
			isa = XCBuildConfiguration;
			buildSettings = {
				ALWAYS_SEARCH_USER_PATHS = NO;
				CLANG_ANALYZER_NONNULL = YES;
				CLANG_ANALYZER_NUMBER_OBJECT_CONVERSION = YES_AGGRESSIVE;
				CLANG_CXX_LANGUAGE_STANDARD = "gnu++17";
				CLANG_CXX_LIBRARY = "libc++";
				CLANG_ENABLE_MODULES = YES;
				CLANG_ENABLE_OBJC_ARC = YES;
				CLANG_ENABLE_OBJC_WEAK = YES;
				CLANG_WARN_BLOCK_CAPTURE_AUTORELEASING = YES;
				CLANG_WARN_BOOL_CONVERSION = YES;
				CLANG_WARN_COMMA = YES;
				CLANG_WARN_CONSTANT_CONVERSION = YES;
				CLANG_WARN_DEPRECATED_OBJC_IMPLEMENTATIONS = YES;
				CLANG_WARN_DIRECT_OBJC_ISA_USAGE = YES_ERROR;
				CLANG_WARN_DOCUMENTATION_COMMENTS = YES;
				CLANG_WARN_EMPTY_BODY = YES;
				CLANG_WARN_ENUM_CONVERSION = YES;
				CLANG_WARN_INFINITE_RECURSION = YES;
				CLANG_WARN_INT_CONVERSION = YES;
				CLANG_WARN_NON_LITERAL_NULL_CONVERSION = YES;
				CLANG_WARN_OBJC_IMPLICIT_RETAIN_SELF = YES;
				CLANG_WARN_OBJC_LITERAL_CONVERSION = YES;
				CLANG_WARN_OBJC_ROOT_CLASS = YES_ERROR;
				CLANG_WARN_QUOTED_INCLUDE_IN_FRAMEWORK_HEADER = YES;
				CLANG_WARN_RANGE_LOOP_ANALYSIS = YES;
				CLANG_WARN_STRICT_PROTOTYPES = YES;
				CLANG_WARN_SUSPICIOUS_MOVE = YES;
				CLANG_WARN_UNGUARDED_AVAILABILITY = YES_AGGRESSIVE;
				CLANG_WARN_UNREACHABLE_CODE = YES;
				CLANG_WARN__DUPLICATE_METHOD_MATCH = YES;
				COPY_PHASE_STRIP = NO;
				DEBUG_INFORMATION_FORMAT = "dwarf-with-dsym";
				ENABLE_NS_ASSERTIONS = NO;
				ENABLE_STRICT_OBJC_MSGSEND = YES;
				GCC_C_LANGUAGE_STANDARD = gnu11;
				GCC_NO_COMMON_BLOCKS = YES;
				GCC_WARN_64_TO_32_BIT_CONVERSION = YES;
				GCC_WARN_ABOUT_RETURN_TYPE = YES_ERROR;
				GCC_WARN_UNDECLARED_SELECTOR = YES;
				GCC_WARN_UNINITIALIZED_AUTOS = YES_AGGRESSIVE;
				GCC_WARN_UNUSED_FUNCTION = YES;
				GCC_WARN_UNUSED_VARIABLE = YES;
				IPHONEOS_DEPLOYMENT_TARGET = 15.2;
				MTL_ENABLE_DEBUG_INFO = NO;
				MTL_FAST_MATH = YES;
				SDKROOT = iphoneos;
				SWIFT_COMPILATION_MODE = wholemodule;
				SWIFT_OPTIMIZATION_LEVEL = "-O";
				VALIDATE_PRODUCT = YES;
			};
			name = Release;
		};
		2E25E35627F7BB48002B3AD0 /* Debug */ = {
			isa = XCBuildConfiguration;
			buildSettings = {
				ALWAYS_EMBED_SWIFT_STANDARD_LIBRARIES = YES;
				ASSETCATALOG_COMPILER_APPICON_NAME = AppIcon;
				ASSETCATALOG_COMPILER_GLOBAL_ACCENT_COLOR_NAME = AccentColor;
				CODE_SIGN_STYLE = Automatic;
				CURRENT_PROJECT_VERSION = 1;
				DEVELOPMENT_ASSET_PATHS = "\"RandomApp/Preview Content\"";
				DEVELOPMENT_TEAM = LCNK52XX4J;
				ENABLE_PREVIEWS = YES;
				GENERATE_INFOPLIST_FILE = YES;
				INFOPLIST_KEY_UIApplicationSceneManifest_Generation = YES;
				INFOPLIST_KEY_UIApplicationSupportsIndirectInputEvents = YES;
				INFOPLIST_KEY_UILaunchScreen_Generation = YES;
				INFOPLIST_KEY_UISupportedInterfaceOrientations_iPad = "UIInterfaceOrientationPortrait UIInterfaceOrientationPortraitUpsideDown UIInterfaceOrientationLandscapeLeft UIInterfaceOrientationLandscapeRight";
				INFOPLIST_KEY_UISupportedInterfaceOrientations_iPhone = "UIInterfaceOrientationPortrait UIInterfaceOrientationLandscapeLeft UIInterfaceOrientationLandscapeRight";
				LD_RUNPATH_SEARCH_PATHS = (
					"$(inherited)",
					"@executable_path/Frameworks",
				);
				MARKETING_VERSION = 1.0;
				PRODUCT_BUNDLE_IDENTIFIER = com.dctech.RandomApp;
				PRODUCT_NAME = "$(TARGET_NAME)";
				SWIFT_EMIT_LOC_STRINGS = YES;
				SWIFT_VERSION = 5.0;
				TARGETED_DEVICE_FAMILY = "1,2";
			};
			name = Debug;
		};
		2E25E35727F7BB48002B3AD0 /* Release */ = {
			isa = XCBuildConfiguration;
			buildSettings = {
				ALWAYS_EMBED_SWIFT_STANDARD_LIBRARIES = YES;
				ASSETCATALOG_COMPILER_APPICON_NAME = AppIcon;
				ASSETCATALOG_COMPILER_GLOBAL_ACCENT_COLOR_NAME = AccentColor;
				CODE_SIGN_STYLE = Automatic;
				CURRENT_PROJECT_VERSION = 1;
				DEVELOPMENT_ASSET_PATHS = "\"RandomApp/Preview Content\"";
				DEVELOPMENT_TEAM = LCNK52XX4J;
				ENABLE_PREVIEWS = YES;
				GENERATE_INFOPLIST_FILE = YES;
				INFOPLIST_KEY_UIApplicationSceneManifest_Generation = YES;
				INFOPLIST_KEY_UIApplicationSupportsIndirectInputEvents = YES;
				INFOPLIST_KEY_UILaunchScreen_Generation = YES;
				INFOPLIST_KEY_UISupportedInterfaceOrientations_iPad = "UIInterfaceOrientationPortrait UIInterfaceOrientationPortraitUpsideDown UIInterfaceOrientationLandscapeLeft UIInterfaceOrientationLandscapeRight";
				INFOPLIST_KEY_UISupportedInterfaceOrientations_iPhone = "UIInterfaceOrientationPortrait UIInterfaceOrientationLandscapeLeft UIInterfaceOrientationLandscapeRight";
				LD_RUNPATH_SEARCH_PATHS = (
					"$(inherited)",
					"@executable_path/Frameworks",
				);
				MARKETING_VERSION = 1.0;
				PRODUCT_BUNDLE_IDENTIFIER = com.dctech.RandomApp;
				PRODUCT_NAME = "$(TARGET_NAME)";
				SWIFT_EMIT_LOC_STRINGS = YES;
				SWIFT_VERSION = 5.0;
				TARGETED_DEVICE_FAMILY = "1,2";
			};
			name = Release;
		};
		2E25E35927F7BB48002B3AD0 /* Debug */ = {
			isa = XCBuildConfiguration;
			buildSettings = {
				ALWAYS_EMBED_SWIFT_STANDARD_LIBRARIES = YES;
				BUNDLE_LOADER = "$(TEST_HOST)";
				CODE_SIGN_STYLE = Automatic;
				CURRENT_PROJECT_VERSION = 1;
				DEVELOPMENT_TEAM = LCNK52XX4J;
				GENERATE_INFOPLIST_FILE = YES;
				IPHONEOS_DEPLOYMENT_TARGET = 15.2;
				MARKETING_VERSION = 1.0;
				PRODUCT_BUNDLE_IDENTIFIER = com.dctech.RandomAppTests;
				PRODUCT_NAME = "$(TARGET_NAME)";
				SWIFT_EMIT_LOC_STRINGS = NO;
				SWIFT_VERSION = 5.0;
				TARGETED_DEVICE_FAMILY = "1,2";
				TEST_HOST = "$(BUILT_PRODUCTS_DIR)/RandomApp.app/RandomApp";
			};
			name = Debug;
		};
		2E25E35A27F7BB48002B3AD0 /* Release */ = {
			isa = XCBuildConfiguration;
			buildSettings = {
				ALWAYS_EMBED_SWIFT_STANDARD_LIBRARIES = YES;
				BUNDLE_LOADER = "$(TEST_HOST)";
				CODE_SIGN_STYLE = Automatic;
				CURRENT_PROJECT_VERSION = 1;
				DEVELOPMENT_TEAM = LCNK52XX4J;
				GENERATE_INFOPLIST_FILE = YES;
				IPHONEOS_DEPLOYMENT_TARGET = 15.2;
				MARKETING_VERSION = 1.0;
				PRODUCT_BUNDLE_IDENTIFIER = com.dctech.RandomAppTests;
				PRODUCT_NAME = "$(TARGET_NAME)";
				SWIFT_EMIT_LOC_STRINGS = NO;
				SWIFT_VERSION = 5.0;
				TARGETED_DEVICE_FAMILY = "1,2";
				TEST_HOST = "$(BUILT_PRODUCTS_DIR)/RandomApp.app/RandomApp";
			};
			name = Release;
		};
		2E25E35C27F7BB48002B3AD0 /* Debug */ = {
			isa = XCBuildConfiguration;
			buildSettings = {
				ALWAYS_EMBED_SWIFT_STANDARD_LIBRARIES = YES;
				CODE_SIGN_STYLE = Automatic;
				CURRENT_PROJECT_VERSION = 1;
				DEVELOPMENT_TEAM = LCNK52XX4J;
				GENERATE_INFOPLIST_FILE = YES;
				MARKETING_VERSION = 1.0;
				PRODUCT_BUNDLE_IDENTIFIER = com.dctech.RandomAppUITests;
				PRODUCT_NAME = "$(TARGET_NAME)";
				SWIFT_EMIT_LOC_STRINGS = NO;
				SWIFT_VERSION = 5.0;
				TARGETED_DEVICE_FAMILY = "1,2";
				TEST_TARGET_NAME = RandomApp;
			};
			name = Debug;
		};
		2E25E35D27F7BB48002B3AD0 /* Release */ = {
			isa = XCBuildConfiguration;
			buildSettings = {
				ALWAYS_EMBED_SWIFT_STANDARD_LIBRARIES = YES;
				CODE_SIGN_STYLE = Automatic;
				CURRENT_PROJECT_VERSION = 1;
				DEVELOPMENT_TEAM = LCNK52XX4J;
				GENERATE_INFOPLIST_FILE = YES;
				MARKETING_VERSION = 1.0;
				PRODUCT_BUNDLE_IDENTIFIER = com.dctech.RandomAppUITests;
				PRODUCT_NAME = "$(TARGET_NAME)";
				SWIFT_EMIT_LOC_STRINGS = NO;
				SWIFT_VERSION = 5.0;
				TARGETED_DEVICE_FAMILY = "1,2";
				TEST_TARGET_NAME = RandomApp;
			};
			name = Release;
		};
		2E25E37B27F842CA002B3AD0 /* Debug */ = {
			isa = XCBuildConfiguration;
			buildSettings = {
				CODE_SIGN_STYLE = Automatic;
				CURRENT_PROJECT_VERSION = 1;
				DEFINES_MODULE = YES;
				DEVELOPMENT_TEAM = LCNK52XX4J;
				DYLIB_COMPATIBILITY_VERSION = 1;
				DYLIB_CURRENT_VERSION = 1;
				DYLIB_INSTALL_NAME_BASE = "@rpath";
				GENERATE_INFOPLIST_FILE = YES;
				INFOPLIST_KEY_NSHumanReadableCopyright = "";
				INSTALL_PATH = "$(LOCAL_LIBRARY_DIR)/Frameworks";
				LD_RUNPATH_SEARCH_PATHS = (
					"$(inherited)",
					"@executable_path/Frameworks",
					"@loader_path/Frameworks",
				);
				MARKETING_VERSION = 1.0;
				PRODUCT_BUNDLE_IDENTIFIER = com.dctech.RandomAPI;
				PRODUCT_NAME = "$(TARGET_NAME:c99extidentifier)";
				SKIP_INSTALL = YES;
				SWIFT_EMIT_LOC_STRINGS = YES;
				SWIFT_VERSION = 5.0;
				TARGETED_DEVICE_FAMILY = "1,2";
				VERSIONING_SYSTEM = "apple-generic";
				VERSION_INFO_PREFIX = "";
			};
			name = Debug;
		};
		2E25E37C27F842CA002B3AD0 /* Release */ = {
			isa = XCBuildConfiguration;
			buildSettings = {
				CODE_SIGN_STYLE = Automatic;
				CURRENT_PROJECT_VERSION = 1;
				DEFINES_MODULE = YES;
				DEVELOPMENT_TEAM = LCNK52XX4J;
				DYLIB_COMPATIBILITY_VERSION = 1;
				DYLIB_CURRENT_VERSION = 1;
				DYLIB_INSTALL_NAME_BASE = "@rpath";
				GENERATE_INFOPLIST_FILE = YES;
				INFOPLIST_KEY_NSHumanReadableCopyright = "";
				INSTALL_PATH = "$(LOCAL_LIBRARY_DIR)/Frameworks";
				LD_RUNPATH_SEARCH_PATHS = (
					"$(inherited)",
					"@executable_path/Frameworks",
					"@loader_path/Frameworks",
				);
				MARKETING_VERSION = 1.0;
				PRODUCT_BUNDLE_IDENTIFIER = com.dctech.RandomAPI;
				PRODUCT_NAME = "$(TARGET_NAME:c99extidentifier)";
				SKIP_INSTALL = YES;
				SWIFT_EMIT_LOC_STRINGS = YES;
				SWIFT_VERSION = 5.0;
				TARGETED_DEVICE_FAMILY = "1,2";
				VERSIONING_SYSTEM = "apple-generic";
				VERSION_INFO_PREFIX = "";
			};
			name = Release;
		};
		2E25E37D27F842CA002B3AD0 /* Debug */ = {
			isa = XCBuildConfiguration;
			buildSettings = {
				ALWAYS_EMBED_SWIFT_STANDARD_LIBRARIES = YES;
				CODE_SIGN_STYLE = Automatic;
				CURRENT_PROJECT_VERSION = 1;
				DEVELOPMENT_TEAM = LCNK52XX4J;
				GENERATE_INFOPLIST_FILE = YES;
				MARKETING_VERSION = 1.0;
				PRODUCT_BUNDLE_IDENTIFIER = com.dctech.RandomAPITests;
				PRODUCT_NAME = "$(TARGET_NAME)";
				SWIFT_EMIT_LOC_STRINGS = NO;
				SWIFT_VERSION = 5.0;
				TARGETED_DEVICE_FAMILY = "1,2";
				TEST_HOST = "$(BUILT_PRODUCTS_DIR)/RandomApp.app/RandomApp";
			};
			name = Debug;
		};
		2E25E37E27F842CA002B3AD0 /* Release */ = {
			isa = XCBuildConfiguration;
			buildSettings = {
				ALWAYS_EMBED_SWIFT_STANDARD_LIBRARIES = YES;
				CODE_SIGN_STYLE = Automatic;
				CURRENT_PROJECT_VERSION = 1;
				DEVELOPMENT_TEAM = LCNK52XX4J;
				GENERATE_INFOPLIST_FILE = YES;
				MARKETING_VERSION = 1.0;
				PRODUCT_BUNDLE_IDENTIFIER = com.dctech.RandomAPITests;
				PRODUCT_NAME = "$(TARGET_NAME)";
				SWIFT_EMIT_LOC_STRINGS = NO;
				SWIFT_VERSION = 5.0;
				TARGETED_DEVICE_FAMILY = "1,2";
				TEST_HOST = "$(BUILT_PRODUCTS_DIR)/RandomApp.app/RandomApp";
			};
			name = Release;
		};
/* End XCBuildConfiguration section */

/* Begin XCConfigurationList section */
		2E25E32C27F7BB48002B3AD0 /* Build configuration list for PBXProject "RandomApp" */ = {
			isa = XCConfigurationList;
			buildConfigurations = (
				2E25E35327F7BB48002B3AD0 /* Debug */,
				2E25E35427F7BB48002B3AD0 /* Release */,
			);
			defaultConfigurationIsVisible = 0;
			defaultConfigurationName = Release;
		};
		2E25E35527F7BB48002B3AD0 /* Build configuration list for PBXNativeTarget "RandomApp" */ = {
			isa = XCConfigurationList;
			buildConfigurations = (
				2E25E35627F7BB48002B3AD0 /* Debug */,
				2E25E35727F7BB48002B3AD0 /* Release */,
			);
			defaultConfigurationIsVisible = 0;
			defaultConfigurationName = Release;
		};
		2E25E35827F7BB48002B3AD0 /* Build configuration list for PBXNativeTarget "RandomAppTests" */ = {
			isa = XCConfigurationList;
			buildConfigurations = (
				2E25E35927F7BB48002B3AD0 /* Debug */,
				2E25E35A27F7BB48002B3AD0 /* Release */,
			);
			defaultConfigurationIsVisible = 0;
			defaultConfigurationName = Release;
		};
		2E25E35B27F7BB48002B3AD0 /* Build configuration list for PBXNativeTarget "RandomAppUITests" */ = {
			isa = XCConfigurationList;
			buildConfigurations = (
				2E25E35C27F7BB48002B3AD0 /* Debug */,
				2E25E35D27F7BB48002B3AD0 /* Release */,
			);
			defaultConfigurationIsVisible = 0;
			defaultConfigurationName = Release;
		};
		2E25E37F27F842CA002B3AD0 /* Build configuration list for PBXNativeTarget "RandomAPI" */ = {
			isa = XCConfigurationList;
			buildConfigurations = (
				2E25E37B27F842CA002B3AD0 /* Debug */,
				2E25E37C27F842CA002B3AD0 /* Release */,
			);
			defaultConfigurationIsVisible = 0;
			defaultConfigurationName = Release;
		};
		2E25E38027F842CA002B3AD0 /* Build configuration list for PBXNativeTarget "RandomAPITests" */ = {
			isa = XCConfigurationList;
			buildConfigurations = (
				2E25E37D27F842CA002B3AD0 /* Debug */,
				2E25E37E27F842CA002B3AD0 /* Release */,
			);
			defaultConfigurationIsVisible = 0;
			defaultConfigurationName = Release;
		};
/* End XCConfigurationList section */
	};
	rootObject = 2E25E32927F7BB48002B3AD0 /* Project object */;
}
